
Microsoft Visual Studio Solution File, Format Version 12.00
# Visual Studio 2012
Project("{8BC9CEB8-8B4A-11D0-8D11-00A0C91BC942}") = "BehaviorExample", "BehaviorExample\BehaviorExample.vcxproj", "{1421AE1E-FC0A-4B32-AEF1-864CD5B7C874}"
EndProject
Global
	GlobalSection(SolutionConfigurationPlatforms) = preSolution
		Debug|Win32 = Debug|Win32
		Release|Win32 = Release|Win32
	EndGlobalSection
	GlobalSection(ProjectConfigurationPlatforms) = postSolution
		{1421AE1E-FC0A-4B32-AEF1-864CD5B7C874}.Debug|Win32.ActiveCfg = Debug|Win32
		{1421AE1E-FC0A-4B32-AEF1-864CD5B7C874}.Debug|Win32.Build.0 = Debug|Win32
		{1421AE1E-FC0A-4B32-AEF1-864CD5B7C874}.Release|Win32.ActiveCfg = Release|Win32
		{1421AE1E-FC0A-4B32-AEF1-864CD5B7C874}.Release|Win32.Build.0 = Release|Win32
	EndGlobalSection
	GlobalSection(SolutionProperties) = preSolution
		HideSolutionNode = FALSE
	EndGlobalSection
EndGlobal
